{
  "version": 4,
  "terraform_version": "0.12.30",
  "serial": 16,
  "lineage": "5b6d56c9-29c7-577e-641f-35f177ec0277",
  "outputs": {},
  "resources": [
    {
      "mode": "managed",
      "type": "aws_internet_gateway",
      "name": "peter_terraform_internet_gateway",
      "provider": "provider.aws",
      "instances": [
        {
          "schema_version": 0,
          "attributes": {
            "arn": "arn:aws:ec2:us-west-1:205943798376:internet-gateway/igw-0bdba8452362a0648",
            "id": "igw-0bdba8452362a0648",
            "owner_id": "205943798376",
            "tags": {
              "Name": "peter_terraform_internet_gateway"
            },
            "vpc_id": "vpc-015e00a2f2442a50d"
          },
          "private": "bnVsbA==",
          "dependencies": [
            "aws_vpc.peter_terraform_vpc"
          ]
        }
      ]
    },
    {
      "mode": "managed",
      "type": "aws_subnet",
      "name": "peter_terraform_public_subnet",
      "provider": "provider.aws",
      "instances": [
        {
          "schema_version": 1,
          "attributes": {
            "arn": "arn:aws:ec2:us-west-1:205943798376:subnet/subnet-0c9320265a689e3b8",
            "assign_ipv6_address_on_creation": false,
            "availability_zone": "us-west-1a",
            "availability_zone_id": "usw1-az3",
            "cidr_block": "10.87.1.0/24",
            "customer_owned_ipv4_pool": "",
            "id": "subnet-0c9320265a689e3b8",
            "ipv6_cidr_block": "",
            "ipv6_cidr_block_association_id": "",
            "map_customer_owned_ip_on_launch": false,
            "map_public_ip_on_launch": true,
            "outpost_arn": "",
            "owner_id": "205943798376",
            "tags": {
              "Name": "peter_public_subnet"
            },
            "tags_all": {
              "Name": "peter_public_subnet"
            },
            "timeouts": null,
            "vpc_id": "vpc-015e00a2f2442a50d"
          },
          "private": "eyJlMmJmYjczMC1lY2FhLTExZTYtOGY4OC0zNDM2M2JjN2M0YzAiOnsiY3JlYXRlIjo2MDAwMDAwMDAwMDAsImRlbGV0ZSI6MTIwMDAwMDAwMDAwMH0sInNjaGVtYV92ZXJzaW9uIjoiMSJ9",
          "dependencies": [
            "aws_vpc.peter_terraform_vpc"
          ]
        }
      ]
    },
    {
      "mode": "managed",
      "type": "aws_vpc",
      "name": "peter_terraform_vpc",
      "provider": "provider.aws",
      "instances": [
        {
          "schema_version": 1,
          "attributes": {
            "arn": "arn:aws:ec2:us-west-1:205943798376:vpc/vpc-015e00a2f2442a50d",
            "assign_generated_ipv6_cidr_block": false,
            "cidr_block": "10.87.0.0/16",
            "default_network_acl_id": "acl-0469e05c5662dd155",
            "default_route_table_id": "rtb-09b4eb2ae103e8c42",
            "default_security_group_id": "sg-036a70ce99681013e",
            "dhcp_options_id": "dopt-0a86732bf370bbeeb",
            "enable_classiclink": false,
            "enable_classiclink_dns_support": false,
            "enable_dns_hostnames": true,
            "enable_dns_support": true,
            "id": "vpc-015e00a2f2442a50d",
            "instance_tenancy": "default",
            "ipv6_association_id": "",
            "ipv6_cidr_block": "",
            "main_route_table_id": "rtb-09b4eb2ae103e8c42",
            "owner_id": "205943798376",
            "tags": {
              "Name": "peter_vpc"
            },
            "tags_all": {
              "Name": "peter_vpc"
            }
          },
          "private": "eyJzY2hlbWFfdmVyc2lvbiI6IjEifQ=="
        }
      ]
    }
  ]
}
